
Microsoft Visual Studio Solution File, Format Version 11.00
# Visual Studio Version 17

Project("{8BC9CEB8-8B4A-11D0-8D11-00A0C91BC942}") = "BGM01_Synthesizer - App", "BGM01_Synthesizer_App.vcxproj", "{38A0D648-2C99-5E23-5AC9-AC7B365050FC}"
EndProject
Global
	GlobalSection(SolutionConfigurationPlatforms) = preSolution
		Debug|x64 = Debug|x64
		Release|x64 = Release|x64
	EndGlobalSection
	GlobalSection(ProjectConfigurationPlatforms) = postSolution
		{38A0D648-2C99-5E23-5AC9-AC7B365050FC}.Debug|x64.ActiveCfg = Debug|x64
		{38A0D648-2C99-5E23-5AC9-AC7B365050FC}.Debug|x64.Build.0 = Debug|x64
		{38A0D648-2C99-5E23-5AC9-AC7B365050FC}.Release|x64.ActiveCfg = Release|x64
		{38A0D648-2C99-5E23-5AC9-AC7B365050FC}.Release|x64.Build.0 = Release|x64
	EndGlobalSection
	GlobalSection(SolutionProperties) = preSolution
		HideSolutionNode = FALSE
	EndGlobalSection
EndGlobal
